// !$*UTF8*$!
{
	archiveVersion = 1;
	classes = {
	};
	objectVersion = 46;
	objects = {

/* Begin PBXBuildFile section */
		71D5844B1D080880004DAE0F /* main.m in Sources */ = {isa = PBXBuildFile; fileRef = 71D5844A1D080880004DAE0F /* main.m */; };
		71D5844E1D080880004DAE0F /* AppDelegate.m in Sources */ = {isa = PBXBuildFile; fileRef = 71D5844D1D080880004DAE0F /* AppDelegate.m */; };
		71D584511D080880004DAE0F /* ViewController.m in Sources */ = {isa = PBXBuildFile; fileRef = 71D584501D080880004DAE0F /* ViewController.m */; };
		71D584541D080880004DAE0F /* Main.storyboard in Resources */ = {isa = PBXBuildFile; fileRef = 71D584521D080880004DAE0F /* Main.storyboard */; };
		71D584561D080880004DAE0F /* Assets.xcassets in Resources */ = {isa = PBXBuildFile; fileRef = 71D584551D080880004DAE0F /* Assets.xcassets */; };
		71D584591D080880004DAE0F /* LaunchScreen.storyboard in Resources */ = {isa = PBXBuildFile; fileRef = 71D584571D080880004DAE0F /* LaunchScreen.storyboard */; };
		71D584641D080880004DAE0F /* UIBackgroundModesTests.m in Sources */ = {isa = PBXBuildFile; fileRef = 71D584631D080880004DAE0F /* UIBackgroundModesTests.m */; };
		71D5846F1D080880004DAE0F /* UIBackgroundModesUITests.m in Sources */ = {isa = PBXBuildFile; fileRef = 71D5846E1D080880004DAE0F /* UIBackgroundModesUITests.m */; };
/* End PBXBuildFile section */

/* Begin PBXContainerItemProxy section */
		71D584601D080880004DAE0F /* PBXContainerItemProxy */ = {
			isa = PBXContainerItemProxy;
			containerPortal = 71D5843E1D080880004DAE0F /* Project object */;
			proxyType = 1;
			remoteGlobalIDString = 71D584451D080880004DAE0F;
			remoteInfo = UIBackgroundModes;
		};
		71D5846B1D080880004DAE0F /* PBXContainerItemProxy */ = {
			isa = PBXContainerItemProxy;
			containerPortal = 71D5843E1D080880004DAE0F /* Project object */;
			proxyType = 1;
			remoteGlobalIDString = 71D584451D080880004DAE0F;
			remoteInfo = UIBackgroundModes;
		};
/* End PBXContainerItemProxy section */

/* Begin PBXFileReference section */
		71D584461D080880004DAE0F /* UIBackgroundModes.app */ = {isa = PBXFileReference; explicitFileType = wrapper.application; includeInIndex = 0; path = UIBackgroundModes.app; sourceTree = BUILT_PRODUCTS_DIR; };
		71D5844A1D080880004DAE0F /* main.m */ = {isa = PBXFileReference; lastKnownFileType = sourcecode.c.objc; path = main.m; sourceTree = "<group>"; };
		71D5844C1D080880004DAE0F /* AppDelegate.h */ = {isa = PBXFileReference; lastKnownFileType = sourcecode.c.h; path = AppDelegate.h; sourceTree = "<group>"; };
		71D5844D1D080880004DAE0F /* AppDelegate.m */ = {isa = PBXFileReference; lastKnownFileType = sourcecode.c.objc; path = AppDelegate.m; sourceTree = "<group>"; };
		71D5844F1D080880004DAE0F /* ViewController.h */ = {isa = PBXFileReference; lastKnownFileType = sourcecode.c.h; path = ViewController.h; sourceTree = "<group>"; };
		71D584501D080880004DAE0F /* ViewController.m */ = {isa = PBXFileReference; lastKnownFileType = sourcecode.c.objc; path = ViewController.m; sourceTree = "<group>"; };
		71D584531D080880004DAE0F /* Base */ = {isa = PBXFileReference; lastKnownFileType = file.storyboard; name = Base; path = Base.lproj/Main.storyboard; sourceTree = "<group>"; };
		71D584551D080880004DAE0F /* Assets.xcassets */ = {isa = PBXFileReference; lastKnownFileType = folder.assetcatalog; path = Assets.xcassets; sourceTree = "<group>"; };
		71D584581D080880004DAE0F /* Base */ = {isa = PBXFileReference; lastKnownFileType = file.storyboard; name = Base; path = Base.lproj/LaunchScreen.storyboard; sourceTree = "<group>"; };
		71D5845A1D080880004DAE0F /* Info.plist */ = {isa = PBXFileReference; lastKnownFileType = text.plist.xml; path = Info.plist; sourceTree = "<group>"; };
		71D5845F1D080880004DAE0F /* UIBackgroundModesTests.xctest */ = {isa = PBXFileReference; explicitFileType = wrapper.cfbundle; includeInIndex = 0; path = UIBackgroundModesTests.xctest; sourceTree = BUILT_PRODUCTS_DIR; };
		71D584631D080880004DAE0F /* UIBackgroundModesTests.m */ = {isa = PBXFileReference; lastKnownFileType = sourcecode.c.objc; path = UIBackgroundModesTests.m; sourceTree = "<group>"; };
		71D584651D080880004DAE0F /* Info.plist */ = {isa = PBXFileReference; lastKnownFileType = text.plist.xml; path = Info.plist; sourceTree = "<group>"; };
		71D5846A1D080880004DAE0F /* UIBackgroundModesUITests.xctest */ = {isa = PBXFileReference; explicitFileType = wrapper.cfbundle; includeInIndex = 0; path = UIBackgroundModesUITests.xctest; sourceTree = BUILT_PRODUCTS_DIR; };
		71D5846E1D080880004DAE0F /* UIBackgroundModesUITests.m */ = {isa = PBXFileReference; lastKnownFileType = sourcecode.c.objc; path = UIBackgroundModesUITests.m; sourceTree = "<group>"; };
		71D584701D080880004DAE0F /* Info.plist */ = {isa = PBXFileReference; lastKnownFileType = text.plist.xml; path = Info.plist; sourceTree = "<group>"; };
/* End PBXFileReference section */

/* Begin PBXFrameworksBuildPhase section */
		71D584431D080880004DAE0F /* Frameworks */ = {
			isa = PBXFrameworksBuildPhase;
			buildActionMask = 2147483647;
			files = (
			);
			runOnlyForDeploymentPostprocessing = 0;
		};
		71D5845C1D080880004DAE0F /* Frameworks */ = {
			isa = PBXFrameworksBuildPhase;
			buildActionMask = 2147483647;
			files = (
			);
			runOnlyForDeploymentPostprocessing = 0;
		};
		71D584671D080880004DAE0F /* Frameworks */ = {
			isa = PBXFrameworksBuildPhase;
			buildActionMask = 2147483647;
			files = (
			);
			runOnlyForDeploymentPostprocessing = 0;
		};
/* End PBXFrameworksBuildPhase section */

/* Begin PBXGroup section */
		71D5843D1D080880004DAE0F = {
			isa = PBXGroup;
			children = (
				71D584481D080880004DAE0F /* UIBackgroundModes */,
				71D584621D080880004DAE0F /* UIBackgroundModesTests */,
				71D5846D1D080880004DAE0F /* UIBackgroundModesUITests */,
				71D584471D080880004DAE0F /* Products */,
			);
			sourceTree = "<group>";
		};
		71D584471D080880004DAE0F /* Products */ = {
			isa = PBXGroup;
			children = (
				71D584461D080880004DAE0F /* UIBackgroundModes.app */,
				71D5845F1D080880004DAE0F /* UIBackgroundModesTests.xctest */,
				71D5846A1D080880004DAE0F /* UIBackgroundModesUITests.xctest */,
			);
			name = Products;
			sourceTree = "<group>";
		};
		71D584481D080880004DAE0F /* UIBackgroundModes */ = {
			isa = PBXGroup;
			children = (
				71D5844C1D080880004DAE0F /* AppDelegate.h */,
				71D5844D1D080880004DAE0F /* AppDelegate.m */,
				71D5844F1D080880004DAE0F /* ViewController.h */,
				71D584501D080880004DAE0F /* ViewController.m */,
				71D584521D080880004DAE0F /* Main.storyboard */,
				71D584551D080880004DAE0F /* Assets.xcassets */,
				71D584571D080880004DAE0F /* LaunchScreen.storyboard */,
				71D5845A1D080880004DAE0F /* Info.plist */,
				71D584491D080880004DAE0F /* Supporting Files */,
			);
			path = UIBackgroundModes;
			sourceTree = "<group>";
		};
		71D584491D080880004DAE0F /* Supporting Files */ = {
			isa = PBXGroup;
			children = (
				71D5844A1D080880004DAE0F /* main.m */,
			);
			name = "Supporting Files";
			sourceTree = "<group>";
		};
		71D584621D080880004DAE0F /* UIBackgroundModesTests */ = {
			isa = PBXGroup;
			children = (
				71D584631D080880004DAE0F /* UIBackgroundModesTests.m */,
				71D584651D080880004DAE0F /* Info.plist */,
			);
			path = UIBackgroundModesTests;
			sourceTree = "<group>";
		};
		71D5846D1D080880004DAE0F /* UIBackgroundModesUITests */ = {
			isa = PBXGroup;
			children = (
				71D5846E1D080880004DAE0F /* UIBackgroundModesUITests.m */,
				71D584701D080880004DAE0F /* Info.plist */,
			);
			path = UIBackgroundModesUITests;
			sourceTree = "<group>";
		};
/* End PBXGroup section */

/* Begin PBXNativeTarget section */
		71D584451D080880004DAE0F /* UIBackgroundModes */ = {
			isa = PBXNativeTarget;
			buildConfigurationList = 71D584731D080880004DAE0F /* Build configuration list for PBXNativeTarget "UIBackgroundModes" */;
			buildPhases = (
				71D584421D080880004DAE0F /* Sources */,
				71D584431D080880004DAE0F /* Frameworks */,
				71D584441D080880004DAE0F /* Resources */,
			);
			buildRules = (
			);
			dependencies = (
			);
			name = UIBackgroundModes;
			productName = UIBackgroundModes;
			productReference = 71D584461D080880004DAE0F /* UIBackgroundModes.app */;
			productType = "com.apple.product-type.application";
		};
		71D5845E1D080880004DAE0F /* UIBackgroundModesTests */ = {
			isa = PBXNativeTarget;
			buildConfigurationList = 71D584761D080880004DAE0F /* Build configuration list for PBXNativeTarget "UIBackgroundModesTests" */;
			buildPhases = (
				71D5845B1D080880004DAE0F /* Sources */,
				71D5845C1D080880004DAE0F /* Frameworks */,
				71D5845D1D080880004DAE0F /* Resources */,
			);
			buildRules = (
			);
			dependencies = (
				71D584611D080880004DAE0F /* PBXTargetDependency */,
			);
			name = UIBackgroundModesTests;
			productName = UIBackgroundModesTests;
			productReference = 71D5845F1D080880004DAE0F /* UIBackgroundModesTests.xctest */;
			productType = "com.apple.product-type.bundle.unit-test";
		};
		71D584691D080880004DAE0F /* UIBackgroundModesUITests */ = {
			isa = PBXNativeTarget;
			buildConfigurationList = 71D584791D080880004DAE0F /* Build configuration list for PBXNativeTarget "UIBackgroundModesUITests" */;
			buildPhases = (
				71D584661D080880004DAE0F /* Sources */,
				71D584671D080880004DAE0F /* Frameworks */,
				71D584681D080880004DAE0F /* Resources */,
			);
			buildRules = (
			);
			dependencies = (
				71D5846C1D080880004DAE0F /* PBXTargetDependency */,
			);
			name = UIBackgroundModesUITests;
			productName = UIBackgroundModesUITests;
			productReference = 71D5846A1D080880004DAE0F /* UIBackgroundModesUITests.xctest */;
			productType = "com.apple.product-type.bundle.ui-testing";
		};
/* End PBXNativeTarget section */

/* Begin PBXProject section */
		71D5843E1D080880004DAE0F /* Project object */ = {
			isa = PBXProject;
			attributes = {
				LastUpgradeCheck = 0730;
				ORGANIZATIONNAME = "徐其东";
				TargetAttributes = {
					71D584451D080880004DAE0F = {
						CreatedOnToolsVersion = 7.3.1;
					};
					71D5845E1D080880004DAE0F = {
						CreatedOnToolsVersion = 7.3.1;
						TestTargetID = 71D584451D080880004DAE0F;
					};
					71D584691D080880004DAE0F = {
						CreatedOnToolsVersion = 7.3.1;
						TestTargetID = 71D584451D080880004DAE0F;
					};
				};
			};
			buildConfigurationList = 71D584411D080880004DAE0F /* Build configuration list for PBXProject "UIBackgroundModes" */;
			compatibilityVersion = "Xcode 3.2";
			developmentRegion = English;
			hasScannedForEncodings = 0;
			knownRegions = (
				en,
				Base,
			);
			mainGroup = 71D5843D1D080880004DAE0F;
			productRefGroup = 71D584471D080880004DAE0F /* Products */;
			projectDirPath = "";
			projectRoot = "";
			targets = (
				71D584451D080880004DAE0F /* UIBackgroundModes */,
				71D5845E1D080880004DAE0F /* UIBackgroundModesTests */,
				71D584691D080880004DAE0F /* UIBackgroundModesUITests */,
			);
		};
/* End PBXProject section */

/* Begin PBXResourcesBuildPhase section */
		71D584441D080880004DAE0F /* Resources */ = {
			isa = PBXResourcesBuildPhase;
			buildActionMask = 2147483647;
			files = (
				71D584591D080880004DAE0F /* LaunchScreen.storyboard in Resources */,
				71D584561D080880004DAE0F /* Assets.xcassets in Resources */,
				71D584541D080880004DAE0F /* Main.storyboard in Resources */,
			);
			runOnlyForDeploymentPostprocessing = 0;
		};
		71D5845D1D080880004DAE0F /* Resources */ = {
			isa = PBXResourcesBuildPhase;
			buildActionMask = 2147483647;
			files = (
			);
			runOnlyForDeploymentPostprocessing = 0;
		};
		71D584681D080880004DAE0F /* Resources */ = {
			isa = PBXResourcesBuildPhase;
			buildActionMask = 2147483647;
			files = (
			);
			runOnlyForDeploymentPostprocessing = 0;
		};
/* End PBXResourcesBuildPhase section */

/* Begin PBXSourcesBuildPhase section */
		71D584421D080880004DAE0F /* Sources */ = {
			isa = PBXSourcesBuildPhase;
			buildActionMask = 2147483647;
			files = (
				71D584511D080880004DAE0F /* ViewController.m in Sources */,
				71D5844E1D080880004DAE0F /* AppDelegate.m in Sources */,
				71D5844B1D080880004DAE0F /* main.m in Sources */,
			);
			runOnlyForDeploymentPostprocessing = 0;
		};
		71D5845B1D080880004DAE0F /* Sources */ = {
			isa = PBXSourcesBuildPhase;
			buildActionMask = 2147483647;
			files = (
				71D584641D080880004DAE0F /* UIBackgroundModesTests.m in Sources */,
			);
			runOnlyForDeploymentPostprocessing = 0;
		};
		71D584661D080880004DAE0F /* Sources */ = {
			isa = PBXSourcesBuildPhase;
			buildActionMask = 2147483647;
			files = (
				71D5846F1D080880004DAE0F /* UIBackgroundModesUITests.m in Sources */,
			);
			runOnlyForDeploymentPostprocessing = 0;
		};
/* End PBXSourcesBuildPhase section */

/* Begin PBXTargetDependency section */
		71D584611D080880004DAE0F /* PBXTargetDependency */ = {
			isa = PBXTargetDependency;
			target = 71D584451D080880004DAE0F /* UIBackgroundModes */;
			targetProxy = 71D584601D080880004DAE0F /* PBXContainerItemProxy */;
		};
		71D5846C1D080880004DAE0F /* PBXTargetDependency */ = {
			isa = PBXTargetDependency;
			target = 71D584451D080880004DAE0F /* UIBackgroundModes */;
			targetProxy = 71D5846B1D080880004DAE0F /* PBXContainerItemProxy */;
		};
/* End PBXTargetDependency section */

/* Begin PBXVariantGroup section */
		71D584521D080880004DAE0F /* Main.storyboard */ = {
			isa = PBXVariantGroup;
			children = (
				71D584531D080880004DAE0F /* Base */,
			);
			name = Main.storyboard;
			sourceTree = "<group>";
		};
		71D584571D080880004DAE0F /* LaunchScreen.storyboard */ = {
			isa = PBXVariantGroup;
			children = (
				71D584581D080880004DAE0F /* Base */,
			);
			name = LaunchScreen.storyboard;
			sourceTree = "<group>";
		};
/* End PBXVariantGroup section */

/* Begin XCBuildConfiguration section */
		71D584711D080880004DAE0F /* Debug */ = {
			isa = XCBuildConfiguration;
			buildSettings = {
				ALWAYS_SEARCH_USER_PATHS = NO;
				CLANG_ANALYZER_NONNULL = YES;
				CLANG_CXX_LANGUAGE_STANDARD = "gnu++0x";
				CLANG_CXX_LIBRARY = "libc++";
				CLANG_ENABLE_MODULES = YES;
				CLANG_ENABLE_OBJC_ARC = YES;
				CLANG_WARN_BOOL_CONVERSION = YES;
				CLANG_WARN_CONSTANT_CONVERSION = YES;
				CLANG_WARN_DIRECT_OBJC_ISA_USAGE = YES_ERROR;
				CLANG_WARN_EMPTY_BODY = YES;
				CLANG_WARN_ENUM_CONVERSION = YES;
				CLANG_WARN_INT_CONVERSION = YES;
				CLANG_WARN_OBJC_ROOT_CLASS = YES_ERROR;
				CLANG_WARN_UNREACHABLE_CODE = YES;
				CLANG_WARN__DUPLICATE_METHOD_MATCH = YES;
				"CODE_SIGN_IDENTITY[sdk=iphoneos*]" = "iPhone Developer";
				COPY_PHASE_STRIP = NO;
				DEBUG_INFORMATION_FORMAT = dwarf;
				ENABLE_STRICT_OBJC_MSGSEND = YES;
				ENABLE_TESTABILITY = YES;
				GCC_C_LANGUAGE_STANDARD = gnu99;
				GCC_DYNAMIC_NO_PIC = NO;
				GCC_NO_COMMON_BLOCKS = YES;
				GCC_OPTIMIZATION_LEVEL = 0;
				GCC_PREPROCESSOR_DEFINITIONS = (
					"DEBUG=1",
					"$(inherited)",
				);
				GCC_WARN_64_TO_32_BIT_CONVERSION = YES;
				GCC_WARN_ABOUT_RETURN_TYPE = YES_ERROR;
				GCC_WARN_UNDECLARED_SELECTOR = YES;
				GCC_WARN_UNINITIALIZED_AUTOS = YES_AGGRESSIVE;
				GCC_WARN_UNUSED_FUNCTION = YES;
				GCC_WARN_UNUSED_VARIABLE = YES;
				IPHONEOS_DEPLOYMENT_TARGET = 9.3;
				MTL_ENABLE_DEBUG_INFO = YES;
				ONLY_ACTIVE_ARCH = YES;
				SDKROOT = iphoneos;
				TARGETED_DEVICE_FAMILY = "1,2";
			};
			name = Debug;
		};
		71D584721D080880004DAE0F /* Release */ = {
			isa = XCBuildConfiguration;
			buildSettings = {
				ALWAYS_SEARCH_USER_PATHS = NO;
				CLANG_ANALYZER_NONNULL = YES;
				CLANG_CXX_LANGUAGE_STANDARD = "gnu++0x";
				CLANG_CXX_LIBRARY = "libc++";
				CLANG_ENABLE_MODULES = YES;
				CLANG_ENABLE_OBJC_ARC = YES;
				CLANG_WARN_BOOL_CONVERSION = YES;
				CLANG_WARN_CONSTANT_CONVERSION = YES;
				CLANG_WARN_DIRECT_OBJC_ISA_USAGE = YES_ERROR;
				CLANG_WARN_EMPTY_BODY = YES;
				CLANG_WARN_ENUM_CONVERSION = YES;
				CLANG_WARN_INT_CONVERSION = YES;
				CLANG_WARN_OBJC_ROOT_CLASS = YES_ERROR;
				CLANG_WARN_UNREACHABLE_CODE = YES;
				CLANG_WARN__DUPLICATE_METHOD_MATCH = YES;
				"CODE_SIGN_IDENTITY[sdk=iphoneos*]" = "iPhone Developer";
				COPY_PHASE_STRIP = NO;
				DEBUG_INFORMATION_FORMAT = "dwarf-with-dsym";
				ENABLE_NS_ASSERTIONS = NO;
				ENABLE_STRICT_OBJC_MSGSEND = YES;
				GCC_C_LANGUAGE_STANDARD = gnu99;
				GCC_NO_COMMON_BLOCKS = YES;
				GCC_WARN_64_TO_32_BIT_CONVERSION = YES;
				GCC_WARN_ABOUT_RETURN_TYPE = YES_ERROR;
				GCC_WARN_UNDECLARED_SELECTOR = YES;
				GCC_WARN_UNINITIALIZED_AUTOS = YES_AGGRESSIVE;
				GCC_WARN_UNUSED_FUNCTION = YES;
				GCC_WARN_UNUSED_VARIABLE = YES;
				IPHONEOS_DEPLOYMENT_TARGET = 9.3;
				MTL_ENABLE_DEBUG_INFO = NO;
				SDKROOT = iphoneos;
				TARGETED_DEVICE_FAMILY = "1,2";
				VALIDATE_PRODUCT = YES;
			};
			name = Release;
		};
		71D584741D080880004DAE0F /* Debug */ = {
			isa = XCBuildConfiguration;
			buildSettings = {
				ASSETCATALOG_COMPILER_APPICON_NAME = AppIcon;
				INFOPLIST_FILE = UIBackgroundModes/Info.plist;
				LD_RUNPATH_SEARCH_PATHS = "$(inherited) @executable_path/Frameworks";
				PRODUCT_BUNDLE_IDENTIFIER = "--.UIBackgroundModes";
				PRODUCT_NAME = "$(TARGET_NAME)";
			};
			name = Debug;
		};
		71D584751D080880004DAE0F /* Release */ = {
			isa = XCBuildConfiguration;
			buildSettings = {
				ASSETCATALOG_COMPILER_APPICON_NAME = AppIcon;
				INFOPLIST_FILE = UIBackgroundModes/Info.plist;
				LD_RUNPATH_SEARCH_PATHS = "$(inherited) @executable_path/Frameworks";
				PRODUCT_BUNDLE_IDENTIFIER = "--.UIBackgroundModes";
				PRODUCT_NAME = "$(TARGET_NAME)";
			};
			name = Release;
		};
		71D584771D080880004DAE0F /* Debug */ = {
			isa = XCBuildConfiguration;
			buildSettings = {
				BUNDLE_LOADER = "$(TEST_HOST)";
				INFOPLIST_FILE = UIBackgroundModesTests/Info.plist;
				LD_RUNPATH_SEARCH_PATHS = "$(inherited) @executable_path/Frameworks @loader_path/Frameworks";
				PRODUCT_BUNDLE_IDENTIFIER = "--.UIBackgroundModesTests";
				PRODUCT_NAME = "$(TARGET_NAME)";
				TEST_HOST = "$(BUILT_PRODUCTS_DIR)/UIBackgroundModes.app/UIBackgroundModes";
			};
			name = Debug;
		};
		71D584781D080880004DAE0F /* Release */ = {
			isa = XCBuildConfiguration;
			buildSettings = {
				BUNDLE_LOADER = "$(TEST_HOST)";
				INFOPLIST_FILE = UIBackgroundModesTests/Info.plist;
				LD_RUNPATH_SEARCH_PATHS = "$(inherited) @executable_path/Frameworks @loader_path/Frameworks";
				PRODUCT_BUNDLE_IDENTIFIER = "--.UIBackgroundModesTests";
				PRODUCT_NAME = "$(TARGET_NAME)";
				TEST_HOST = "$(BUILT_PRODUCTS_DIR)/UIBackgroundModes.app/UIBackgroundModes";
			};
			name = Release;
		};
		71D5847A1D080880004DAE0F /* Debug */ = {
			isa = XCBuildConfiguration;
			buildSettings = {
				INFOPLIST_FILE = UIBackgroundModesUITests/Info.plist;
				LD_RUNPATH_SEARCH_PATHS = "$(inherited) @executable_path/Frameworks @loader_path/Frameworks";
				PRODUCT_BUNDLE_IDENTIFIER = "--.UIBackgroundModesUITests";
				PRODUCT_NAME = "$(TARGET_NAME)";
				TEST_TARGET_NAME = UIBackgroundModes;
			};
			name = Debug;
		};
		71D5847B1D080880004DAE0F /* Release */ = {
			isa = XCBuildConfiguration;
			buildSettings = {
				INFOPLIST_FILE = UIBackgroundModesUITests/Info.plist;
				LD_RUNPATH_SEARCH_PATHS = "$(inherited) @executable_path/Frameworks @loader_path/Frameworks";
				PRODUCT_BUNDLE_IDENTIFIER = "--.UIBackgroundModesUITests";
				PRODUCT_NAME = "$(TARGET_NAME)";
				TEST_TARGET_NAME = UIBackgroundModes;
			};
			name = Release;
		};
/* End XCBuildConfiguration section */

/* Begin XCConfigurationList section */
		71D584411D080880004DAE0F /* Build configuration list for PBXProject "UIBackgroundModes" */ = {
			isa = XCConfigurationList;
			buildConfigurations = (
				71D584711D080880004DAE0F /* Debug */,
				71D584721D080880004DAE0F /* Release */,
			);
			defaultConfigurationIsVisible = 0;
			defaultConfigurationName = Release;
		};
		71D584731D080880004DAE0F /* Build configuration list for PBXNativeTarget "UIBackgroundModes" */ = {
			isa = XCConfigurationList;
			buildConfigurations = (
				71D584741D080880004DAE0F /* Debug */,
				71D584751D080880004DAE0F /* Release */,
			);
			defaultConfigurationIsVisible = 0;
		};
		71D584761D080880004DAE0F /* Build configuration list for PBXNativeTarget "UIBackgroundModesTests" */ = {
			isa = XCConfigurationList;
			buildConfigurations = (
				71D584771D080880004DAE0F /* Debug */,
				71D584781D080880004DAE0F /* Release */,
			);
			defaultConfigurationIsVisible = 0;
		};
		71D584791D080880004DAE0F /* Build configuration list for PBXNativeTarget "UIBackgroundModesUITests" */ = {
			isa = XCConfigurationList;
			buildConfigurations = (
				71D5847A1D080880004DAE0F /* Debug */,
				71D5847B1D080880004DAE0F /* Release */,
			);
			defaultConfigurationIsVisible = 0;
		};
/* End XCConfigurationList section */
	};
	rootObject = 71D5843E1D080880004DAE0F /* Project object */;
}
